// !$*UTF8*$!
{
	archiveVersion = 1;
	classes = {
	};
	objectVersion = 46;
	objects = {

/* Begin PBXBuildFile section */
		462E160A1711B02100279F8B /* base64.c in Sources */ = {isa = PBXBuildFile; fileRef = 462E16031711B02100279F8B /* base64.c */; };
		462E160B1711B02100279F8B /* NSData+SRB64Additions.m in Sources */ = {isa = PBXBuildFile; fileRef = 462E16061711B02100279F8B /* NSData+SRB64Additions.m */; };
		462E160C1711B02100279F8B /* SRWebSocket.m in Sources */ = {isa = PBXBuildFile; fileRef = 462E16091711B02100279F8B /* SRWebSocket.m */; };
		462E160E1711B09A00279F8B /* CFNetwork.framework in Frameworks */ = {isa = PBXBuildFile; fileRef = 462E160D1711B09A00279F8B /* CFNetwork.framework */; };
		462E16101711B0AB00279F8B /* Security.framework in Frameworks */ = {isa = PBXBuildFile; fileRef = 462E160F1711B0AB00279F8B /* Security.framework */; };
		462E16121711B0C200279F8B /* libicucore.dylib in Frameworks */ = {isa = PBXBuildFile; fileRef = 462E16111711B0C200279F8B /* libicucore.dylib */; };
		46425CE1171348CC00384927 /* SocketController.m in Sources */ = {isa = PBXBuildFile; fileRef = 46425CE0171348CC00384927 /* SocketController.m */; };
		46425CED1713491300384927 /* SocketIO.m in Sources */ = {isa = PBXBuildFile; fileRef = 46425CE31713491300384927 /* SocketIO.m */; };
		46425CEE1713491300384927 /* SocketIOJSONSerialization.m in Sources */ = {isa = PBXBuildFile; fileRef = 46425CE51713491300384927 /* SocketIOJSONSerialization.m */; };
		46425CEF1713491300384927 /* SocketIOPacket.m in Sources */ = {isa = PBXBuildFile; fileRef = 46425CE71713491300384927 /* SocketIOPacket.m */; };
		46425CF01713491300384927 /* SocketIOTransportWebsocket.m in Sources */ = {isa = PBXBuildFile; fileRef = 46425CEA1713491300384927 /* SocketIOTransportWebsocket.m */; };
		46425CF11713491300384927 /* SocketIOTransportXHR.m in Sources */ = {isa = PBXBuildFile; fileRef = 46425CEC1713491300384927 /* SocketIOTransportXHR.m */; };
		4648F20B170E5EFA0000C178 /* UIKit.framework in Frameworks */ = {isa = PBXBuildFile; fileRef = 4648F20A170E5EFA0000C178 /* UIKit.framework */; };
		4648F20D170E5EFA0000C178 /* Foundation.framework in Frameworks */ = {isa = PBXBuildFile; fileRef = 4648F20C170E5EFA0000C178 /* Foundation.framework */; };
		4648F20F170E5EFA0000C178 /* CoreGraphics.framework in Frameworks */ = {isa = PBXBuildFile; fileRef = 4648F20E170E5EFA0000C178 /* CoreGraphics.framework */; };
		4648F215170E5EFA0000C178 /* InfoPlist.strings in Resources */ = {isa = PBXBuildFile; fileRef = 4648F213170E5EFA0000C178 /* InfoPlist.strings */; };
		4648F217170E5EFA0000C178 /* main.m in Sources */ = {isa = PBXBuildFile; fileRef = 4648F216170E5EFA0000C178 /* main.m */; };
		4648F21B170E5EFA0000C178 /* chatAppDelegate.m in Sources */ = {isa = PBXBuildFile; fileRef = 4648F21A170E5EFA0000C178 /* chatAppDelegate.m */; };
		4648F21E170E5EFA0000C178 /* MainStoryboard_iPad.storyboard in Resources */ = {isa = PBXBuildFile; fileRef = 4648F21C170E5EFA0000C178 /* MainStoryboard_iPad.storyboard */; };
		4648F221170E5EFA0000C178 /* chatViewController.m in Sources */ = {isa = PBXBuildFile; fileRef = 4648F220170E5EFA0000C178 /* chatViewController.m */; };
		46A5703117122F0600C42221 /* Default-568h@2x.png in Resources */ = {isa = PBXBuildFile; fileRef = 46A5703017122F0600C42221 /* Default-568h@2x.png */; };
		46A5708017122F9D00C42221 /* MainStoryboard_iPhone.storyboard in Resources */ = {isa = PBXBuildFile; fileRef = 46A5707F17122F9D00C42221 /* MainStoryboard_iPhone.storyboard */; };
		46F4A83B1714803F0013CC23 /* ChatMessagesTableController.m in Sources */ = {isa = PBXBuildFile; fileRef = 46F4A83A1714803F0013CC23 /* ChatMessagesTableController.m */; };
/* End PBXBuildFile section */

/* Begin PBXFileReference section */
		462E16031711B02100279F8B /* base64.c */ = {isa = PBXFileReference; fileEncoding = 4; lastKnownFileType = sourcecode.c.c; path = base64.c; sourceTree = "<group>"; };
		462E16041711B02100279F8B /* base64.h */ = {isa = PBXFileReference; fileEncoding = 4; lastKnownFileType = sourcecode.c.h; path = base64.h; sourceTree = "<group>"; };
		462E16051711B02100279F8B /* NSData+SRB64Additions.h */ = {isa = PBXFileReference; fileEncoding = 4; lastKnownFileType = sourcecode.c.h; path = "NSData+SRB64Additions.h"; sourceTree = "<group>"; };
		462E16061711B02100279F8B /* NSData+SRB64Additions.m */ = {isa = PBXFileReference; fileEncoding = 4; lastKnownFileType = sourcecode.c.objc; path = "NSData+SRB64Additions.m"; sourceTree = "<group>"; };
		462E16071711B02100279F8B /* SocketRocket-Prefix.pch */ = {isa = PBXFileReference; fileEncoding = 4; lastKnownFileType = sourcecode.c.h; path = "SocketRocket-Prefix.pch"; sourceTree = "<group>"; };
		462E16081711B02100279F8B /* SRWebSocket.h */ = {isa = PBXFileReference; fileEncoding = 4; lastKnownFileType = sourcecode.c.h; path = SRWebSocket.h; sourceTree = "<group>"; };
		462E16091711B02100279F8B /* SRWebSocket.m */ = {isa = PBXFileReference; fileEncoding = 4; lastKnownFileType = sourcecode.c.objc; path = SRWebSocket.m; sourceTree = "<group>"; };
		462E160D1711B09A00279F8B /* CFNetwork.framework */ = {isa = PBXFileReference; lastKnownFileType = wrapper.framework; name = CFNetwork.framework; path = System/Library/Frameworks/CFNetwork.framework; sourceTree = SDKROOT; };
		462E160F1711B0AB00279F8B /* Security.framework */ = {isa = PBXFileReference; lastKnownFileType = wrapper.framework; name = Security.framework; path = System/Library/Frameworks/Security.framework; sourceTree = SDKROOT; };
		462E16111711B0C200279F8B /* libicucore.dylib */ = {isa = PBXFileReference; lastKnownFileType = "compiled.mach-o.dylib"; name = libicucore.dylib; path = usr/lib/libicucore.dylib; sourceTree = SDKROOT; };
		46425CDF171348CC00384927 /* SocketController.h */ = {isa = PBXFileReference; fileEncoding = 4; lastKnownFileType = sourcecode.c.h; path = SocketController.h; sourceTree = "<group>"; };
		46425CE0171348CC00384927 /* SocketController.m */ = {isa = PBXFileReference; fileEncoding = 4; lastKnownFileType = sourcecode.c.objc; path = SocketController.m; sourceTree = "<group>"; };
		46425CE21713491300384927 /* SocketIO.h */ = {isa = PBXFileReference; fileEncoding = 4; lastKnownFileType = sourcecode.c.h; name = SocketIO.h; path = SocketIO/SocketIO.h; sourceTree = "<group>"; };
		46425CE31713491300384927 /* SocketIO.m */ = {isa = PBXFileReference; fileEncoding = 4; lastKnownFileType = sourcecode.c.objc; name = SocketIO.m; path = SocketIO/SocketIO.m; sourceTree = "<group>"; };
		46425CE41713491300384927 /* SocketIOJSONSerialization.h */ = {isa = PBXFileReference; fileEncoding = 4; lastKnownFileType = sourcecode.c.h; name = SocketIOJSONSerialization.h; path = SocketIO/SocketIOJSONSerialization.h; sourceTree = "<group>"; };
		46425CE51713491300384927 /* SocketIOJSONSerialization.m */ = {isa = PBXFileReference; fileEncoding = 4; lastKnownFileType = sourcecode.c.objc; name = SocketIOJSONSerialization.m; path = SocketIO/SocketIOJSONSerialization.m; sourceTree = "<group>"; };
		46425CE61713491300384927 /* SocketIOPacket.h */ = {isa = PBXFileReference; fileEncoding = 4; lastKnownFileType = sourcecode.c.h; name = SocketIOPacket.h; path = SocketIO/SocketIOPacket.h; sourceTree = "<group>"; };
		46425CE71713491300384927 /* SocketIOPacket.m */ = {isa = PBXFileReference; fileEncoding = 4; lastKnownFileType = sourcecode.c.objc; name = SocketIOPacket.m; path = SocketIO/SocketIOPacket.m; sourceTree = "<group>"; };
		46425CE81713491300384927 /* SocketIOTransport.h */ = {isa = PBXFileReference; fileEncoding = 4; lastKnownFileType = sourcecode.c.h; name = SocketIOTransport.h; path = SocketIO/SocketIOTransport.h; sourceTree = "<group>"; };
		46425CE91713491300384927 /* SocketIOTransportWebsocket.h */ = {isa = PBXFileReference; fileEncoding = 4; lastKnownFileType = sourcecode.c.h; name = SocketIOTransportWebsocket.h; path = SocketIO/SocketIOTransportWebsocket.h; sourceTree = "<group>"; };
		46425CEA1713491300384927 /* SocketIOTransportWebsocket.m */ = {isa = PBXFileReference; fileEncoding = 4; lastKnownFileType = sourcecode.c.objc; name = SocketIOTransportWebsocket.m; path = SocketIO/SocketIOTransportWebsocket.m; sourceTree = "<group>"; };
		46425CEB1713491300384927 /* SocketIOTransportXHR.h */ = {isa = PBXFileReference; fileEncoding = 4; lastKnownFileType = sourcecode.c.h; name = SocketIOTransportXHR.h; path = SocketIO/SocketIOTransportXHR.h; sourceTree = "<group>"; };
		46425CEC1713491300384927 /* SocketIOTransportXHR.m */ = {isa = PBXFileReference; fileEncoding = 4; lastKnownFileType = sourcecode.c.objc; name = SocketIOTransportXHR.m; path = SocketIO/SocketIOTransportXHR.m; sourceTree = "<group>"; };
		4648F206170E5EFA0000C178 /* chat.app */ = {isa = PBXFileReference; explicitFileType = wrapper.application; includeInIndex = 0; path = chat.app; sourceTree = BUILT_PRODUCTS_DIR; };
		4648F20A170E5EFA0000C178 /* UIKit.framework */ = {isa = PBXFileReference; lastKnownFileType = wrapper.framework; name = UIKit.framework; path = System/Library/Frameworks/UIKit.framework; sourceTree = SDKROOT; };
		4648F20C170E5EFA0000C178 /* Foundation.framework */ = {isa = PBXFileReference; lastKnownFileType = wrapper.framework; name = Foundation.framework; path = System/Library/Frameworks/Foundation.framework; sourceTree = SDKROOT; };
		4648F20E170E5EFA0000C178 /* CoreGraphics.framework */ = {isa = PBXFileReference; lastKnownFileType = wrapper.framework; name = CoreGraphics.framework; path = System/Library/Frameworks/CoreGraphics.framework; sourceTree = SDKROOT; };
		4648F212170E5EFA0000C178 /* chat-Info.plist */ = {isa = PBXFileReference; lastKnownFileType = text.plist.xml; path = "chat-Info.plist"; sourceTree = "<group>"; };
		4648F214170E5EFA0000C178 /* en */ = {isa = PBXFileReference; lastKnownFileType = text.plist.strings; name = en; path = en.lproj/InfoPlist.strings; sourceTree = "<group>"; };
		4648F216170E5EFA0000C178 /* main.m */ = {isa = PBXFileReference; lastKnownFileType = sourcecode.c.objc; path = main.m; sourceTree = "<group>"; };
		4648F218170E5EFA0000C178 /* chat-Prefix.pch */ = {isa = PBXFileReference; lastKnownFileType = sourcecode.c.h; path = "chat-Prefix.pch"; sourceTree = "<group>"; };
		4648F219170E5EFA0000C178 /* chatAppDelegate.h */ = {isa = PBXFileReference; lastKnownFileType = sourcecode.c.h; path = chatAppDelegate.h; sourceTree = "<group>"; };
		4648F21A170E5EFA0000C178 /* chatAppDelegate.m */ = {isa = PBXFileReference; lastKnownFileType = sourcecode.c.objc; path = chatAppDelegate.m; sourceTree = "<group>"; };
		4648F21D170E5EFA0000C178 /* en */ = {isa = PBXFileReference; lastKnownFileType = file.storyboard; name = en; path = en.lproj/MainStoryboard_iPad.storyboard; sourceTree = "<group>"; };
		4648F21F170E5EFA0000C178 /* chatViewController.h */ = {isa = PBXFileReference; lastKnownFileType = sourcecode.c.h; path = chatViewController.h; sourceTree = "<group>"; };
		4648F220170E5EFA0000C178 /* chatViewController.m */ = {isa = PBXFileReference; lastKnownFileType = sourcecode.c.objc; path = chatViewController.m; sourceTree = "<group>"; };
		46A5703017122F0600C42221 /* Default-568h@2x.png */ = {isa = PBXFileReference; lastKnownFileType = image.png; name = "Default-568h@2x.png"; path = "../Default-568h@2x.png"; sourceTree = "<group>"; };
		46A5707F17122F9D00C42221 /* MainStoryboard_iPhone.storyboard */ = {isa = PBXFileReference; fileEncoding = 4; lastKnownFileType = file.storyboard; path = MainStoryboard_iPhone.storyboard; sourceTree = "<group>"; };
		46F4A8391714803F0013CC23 /* ChatMessagesTableController.h */ = {isa = PBXFileReference; fileEncoding = 4; lastKnownFileType = sourcecode.c.h; path = ChatMessagesTableController.h; sourceTree = "<group>"; };
		46F4A83A1714803F0013CC23 /* ChatMessagesTableController.m */ = {isa = PBXFileReference; fileEncoding = 4; lastKnownFileType = sourcecode.c.objc; path = ChatMessagesTableController.m; sourceTree = "<group>"; };
/* End PBXFileReference section */

/* Begin PBXFrameworksBuildPhase section */
		4648F203170E5EFA0000C178 /* Frameworks */ = {
			isa = PBXFrameworksBuildPhase;
			buildActionMask = 2147483647;
			files = (
				462E16121711B0C200279F8B /* libicucore.dylib in Frameworks */,
				462E16101711B0AB00279F8B /* Security.framework in Frameworks */,
				462E160E1711B09A00279F8B /* CFNetwork.framework in Frameworks */,
				4648F20B170E5EFA0000C178 /* UIKit.framework in Frameworks */,
				4648F20D170E5EFA0000C178 /* Foundation.framework in Frameworks */,
				4648F20F170E5EFA0000C178 /* CoreGraphics.framework in Frameworks */,
			);
			runOnlyForDeploymentPostprocessing = 0;
		};
/* End PBXFrameworksBuildPhase section */

/* Begin PBXGroup section */
		462E16021711B02100279F8B /* SocketRocket */ = {
			isa = PBXGroup;
			children = (
				462E16031711B02100279F8B /* base64.c */,
				462E16041711B02100279F8B /* base64.h */,
				462E16051711B02100279F8B /* NSData+SRB64Additions.h */,
				462E16061711B02100279F8B /* NSData+SRB64Additions.m */,
				462E16071711B02100279F8B /* SocketRocket-Prefix.pch */,
				462E16081711B02100279F8B /* SRWebSocket.h */,
				462E16091711B02100279F8B /* SRWebSocket.m */,
			);
			path = SocketRocket;
			sourceTree = "<group>";
		};
		4648F1FB170E5EFA0000C178 = {
			isa = PBXGroup;
			children = (
				46A5701B1712290100C42221 /* SocketIO */,
				462E16021711B02100279F8B /* SocketRocket */,
				4648F210170E5EFA0000C178 /* chat */,
				4648F209170E5EFA0000C178 /* Frameworks */,
				4648F207170E5EFA0000C178 /* Products */,
			);
			sourceTree = "<group>";
		};
		4648F207170E5EFA0000C178 /* Products */ = {
			isa = PBXGroup;
			children = (
				4648F206170E5EFA0000C178 /* chat.app */,
			);
			name = Products;
			sourceTree = "<group>";
		};
		4648F209170E5EFA0000C178 /* Frameworks */ = {
			isa = PBXGroup;
			children = (
				462E16111711B0C200279F8B /* libicucore.dylib */,
				462E160F1711B0AB00279F8B /* Security.framework */,
				462E160D1711B09A00279F8B /* CFNetwork.framework */,
				4648F20A170E5EFA0000C178 /* UIKit.framework */,
				4648F20C170E5EFA0000C178 /* Foundation.framework */,
				4648F20E170E5EFA0000C178 /* CoreGraphics.framework */,
			);
			name = Frameworks;
			sourceTree = "<group>";
		};
		4648F210170E5EFA0000C178 /* chat */ = {
			isa = PBXGroup;
			children = (
				46425CDF171348CC00384927 /* SocketController.h */,
				46425CE0171348CC00384927 /* SocketController.m */,
				4648F219170E5EFA0000C178 /* chatAppDelegate.h */,
				4648F21A170E5EFA0000C178 /* chatAppDelegate.m */,
				4648F21C170E5EFA0000C178 /* MainStoryboard_iPad.storyboard */,
				46A5707F17122F9D00C42221 /* MainStoryboard_iPhone.storyboard */,
				4648F21F170E5EFA0000C178 /* chatViewController.h */,
				4648F220170E5EFA0000C178 /* chatViewController.m */,
				46F4A8391714803F0013CC23 /* ChatMessagesTableController.h */,
				46F4A83A1714803F0013CC23 /* ChatMessagesTableController.m */,
				4648F211170E5EFA0000C178 /* Supporting Files */,
			);
			path = chat;
			sourceTree = "<group>";
		};
		4648F211170E5EFA0000C178 /* Supporting Files */ = {
			isa = PBXGroup;
			children = (
				46A5703017122F0600C42221 /* Default-568h@2x.png */,
				4648F212170E5EFA0000C178 /* chat-Info.plist */,
				4648F213170E5EFA0000C178 /* InfoPlist.strings */,
				4648F216170E5EFA0000C178 /* main.m */,
				4648F218170E5EFA0000C178 /* chat-Prefix.pch */,
			);
			name = "Supporting Files";
			sourceTree = "<group>";
		};
		46A5701B1712290100C42221 /* SocketIO */ = {
			isa = PBXGroup;
			children = (
				46425CE21713491300384927 /* SocketIO.h */,
				46425CE31713491300384927 /* SocketIO.m */,
				46425CE41713491300384927 /* SocketIOJSONSerialization.h */,
				46425CE51713491300384927 /* SocketIOJSONSerialization.m */,
				46425CE61713491300384927 /* SocketIOPacket.h */,
				46425CE71713491300384927 /* SocketIOPacket.m */,
				46425CE81713491300384927 /* SocketIOTransport.h */,
				46425CE91713491300384927 /* SocketIOTransportWebsocket.h */,
				46425CEA1713491300384927 /* SocketIOTransportWebsocket.m */,
				46425CEB1713491300384927 /* SocketIOTransportXHR.h */,
				46425CEC1713491300384927 /* SocketIOTransportXHR.m */,
			);
			name = SocketIO;
			sourceTree = "<group>";
		};
/* End PBXGroup section */

/* Begin PBXNativeTarget section */
		4648F205170E5EFA0000C178 /* chat */ = {
			isa = PBXNativeTarget;
			buildConfigurationList = 4648F224170E5EFA0000C178 /* Build configuration list for PBXNativeTarget "chat" */;
			buildPhases = (
				4648F202170E5EFA0000C178 /* Sources */,
				4648F203170E5EFA0000C178 /* Frameworks */,
				4648F204170E5EFA0000C178 /* Resources */,
			);
			buildRules = (
			);
			dependencies = (
			);
			name = chat;
			productName = chat;
			productReference = 4648F206170E5EFA0000C178 /* chat.app */;
			productType = "com.apple.product-type.application";
		};
/* End PBXNativeTarget section */

/* Begin PBXProject section */
		4648F1FD170E5EFA0000C178 /* Project object */ = {
			isa = PBXProject;
			attributes = {
				LastUpgradeCheck = 0450;
			};
			buildConfigurationList = 4648F200170E5EFA0000C178 /* Build configuration list for PBXProject "chat" */;
			compatibilityVersion = "Xcode 3.2";
			developmentRegion = English;
			hasScannedForEncodings = 0;
			knownRegions = (
				en,
			);
			mainGroup = 4648F1FB170E5EFA0000C178;
			productRefGroup = 4648F207170E5EFA0000C178 /* Products */;
			projectDirPath = "";
			projectRoot = "";
			targets = (
				4648F205170E5EFA0000C178 /* chat */,
			);
		};
/* End PBXProject section */

/* Begin PBXResourcesBuildPhase section */
		4648F204170E5EFA0000C178 /* Resources */ = {
			isa = PBXResourcesBuildPhase;
			buildActionMask = 2147483647;
			files = (
				4648F215170E5EFA0000C178 /* InfoPlist.strings in Resources */,
				4648F21E170E5EFA0000C178 /* MainStoryboard_iPad.storyboard in Resources */,
				46A5703117122F0600C42221 /* Default-568h@2x.png in Resources */,
				46A5708017122F9D00C42221 /* MainStoryboard_iPhone.storyboard in Resources */,
			);
			runOnlyForDeploymentPostprocessing = 0;
		};
/* End PBXResourcesBuildPhase section */

/* Begin PBXSourcesBuildPhase section */
		4648F202170E5EFA0000C178 /* Sources */ = {
			isa = PBXSourcesBuildPhase;
			buildActionMask = 2147483647;
			files = (
				4648F217170E5EFA0000C178 /* main.m in Sources */,
				4648F21B170E5EFA0000C178 /* chatAppDelegate.m in Sources */,
				4648F221170E5EFA0000C178 /* chatViewController.m in Sources */,
				462E160A1711B02100279F8B /* base64.c in Sources */,
				462E160B1711B02100279F8B /* NSData+SRB64Additions.m in Sources */,
				462E160C1711B02100279F8B /* SRWebSocket.m in Sources */,
				46425CE1171348CC00384927 /* SocketController.m in Sources */,
				46425CED1713491300384927 /* SocketIO.m in Sources */,
				46425CEE1713491300384927 /* SocketIOJSONSerialization.m in Sources */,
				46425CEF1713491300384927 /* SocketIOPacket.m in Sources */,
				46425CF01713491300384927 /* SocketIOTransportWebsocket.m in Sources */,
				46425CF11713491300384927 /* SocketIOTransportXHR.m in Sources */,
				46F4A83B1714803F0013CC23 /* ChatMessagesTableController.m in Sources */,
			);
			runOnlyForDeploymentPostprocessing = 0;
		};
/* End PBXSourcesBuildPhase section */

/* Begin PBXVariantGroup section */
		4648F213170E5EFA0000C178 /* InfoPlist.strings */ = {
			isa = PBXVariantGroup;
			children = (
				4648F214170E5EFA0000C178 /* en */,
			);
			name = InfoPlist.strings;
			sourceTree = "<group>";
		};
		4648F21C170E5EFA0000C178 /* MainStoryboard_iPad.storyboard */ = {
			isa = PBXVariantGroup;
			children = (
				4648F21D170E5EFA0000C178 /* en */,
			);
			name = MainStoryboard_iPad.storyboard;
			sourceTree = "<group>";
		};
/* End PBXVariantGroup section */

/* Begin XCBuildConfiguration section */
		4648F222170E5EFA0000C178 /* Debug */ = {
			isa = XCBuildConfiguration;
			buildSettings = {
				ALWAYS_SEARCH_USER_PATHS = NO;
				ARCHS = "$(ARCHS_STANDARD_32_BIT)";
				CLANG_ENABLE_OBJC_ARC = YES;
				"CODE_SIGN_IDENTITY[sdk=iphoneos*]" = "iPhone Developer";
				COPY_PHASE_STRIP = NO;
				GCC_C_LANGUAGE_STANDARD = gnu99;
				GCC_DYNAMIC_NO_PIC = NO;
				GCC_OPTIMIZATION_LEVEL = 0;
				GCC_PREPROCESSOR_DEFINITIONS = (
					"DEBUG=1",
					"$(inherited)",
				);
				GCC_SYMBOLS_PRIVATE_EXTERN = NO;
				GCC_VERSION = com.apple.compilers.llvm.clang.1_0;
				GCC_WARN_ABOUT_MISSING_PROTOTYPES = YES;
				GCC_WARN_ABOUT_RETURN_TYPE = YES;
				GCC_WARN_UNUSED_VARIABLE = YES;
				IPHONEOS_DEPLOYMENT_TARGET = 5.0;
				SDKROOT = iphoneos;
				TARGETED_DEVICE_FAMILY = 2;
			};
			name = Debug;
		};
		4648F223170E5EFA0000C178 /* Release */ = {
			isa = XCBuildConfiguration;
			buildSettings = {
				ALWAYS_SEARCH_USER_PATHS = NO;
				ARCHS = "$(ARCHS_STANDARD_32_BIT)";
				CLANG_ENABLE_OBJC_ARC = YES;
				"CODE_SIGN_IDENTITY[sdk=iphoneos*]" = "iPhone Developer";
				COPY_PHASE_STRIP = YES;
				GCC_C_LANGUAGE_STANDARD = gnu99;
				GCC_VERSION = com.apple.compilers.llvm.clang.1_0;
				GCC_WARN_ABOUT_MISSING_PROTOTYPES = YES;
				GCC_WARN_ABOUT_RETURN_TYPE = YES;
				GCC_WARN_UNUSED_VARIABLE = YES;
				IPHONEOS_DEPLOYMENT_TARGET = 5.0;
				OTHER_CFLAGS = "-DNS_BLOCK_ASSERTIONS=1";
				SDKROOT = iphoneos;
				TARGETED_DEVICE_FAMILY = 2;
				VALIDATE_PRODUCT = YES;
			};
			name = Release;
		};
		4648F225170E5EFA0000C178 /* Debug */ = {
			isa = XCBuildConfiguration;
			buildSettings = {
				GCC_PRECOMPILE_PREFIX_HEADER = YES;
				GCC_PREFIX_HEADER = "chat/chat-Prefix.pch";
				INFOPLIST_FILE = "chat/chat-Info.plist";
				IPHONEOS_DEPLOYMENT_TARGET = 6.0;
				PRODUCT_NAME = "$(TARGET_NAME)";
				TARGETED_DEVICE_FAMILY = "1,2";
				WRAPPER_EXTENSION = app;
			};
			name = Debug;
		};
		4648F226170E5EFA0000C178 /* Release */ = {
			isa = XCBuildConfiguration;
			buildSettings = {
				GCC_PRECOMPILE_PREFIX_HEADER = YES;
				GCC_PREFIX_HEADER = "chat/chat-Prefix.pch";
				INFOPLIST_FILE = "chat/chat-Info.plist";
				IPHONEOS_DEPLOYMENT_TARGET = 6.0;
				PRODUCT_NAME = "$(TARGET_NAME)";
				TARGETED_DEVICE_FAMILY = "1,2";
				WRAPPER_EXTENSION = app;
			};
			name = Release;
		};
/* End XCBuildConfiguration section */

/* Begin XCConfigurationList section */
		4648F200170E5EFA0000C178 /* Build configuration list for PBXProject "chat" */ = {
			isa = XCConfigurationList;
			buildConfigurations = (
				4648F222170E5EFA0000C178 /* Debug */,
				4648F223170E5EFA0000C178 /* Release */,
			);
			defaultConfigurationIsVisible = 0;
			defaultConfigurationName = Release;
		};
		4648F224170E5EFA0000C178 /* Build configuration list for PBXNativeTarget "chat" */ = {
			isa = XCConfigurationList;
			buildConfigurations = (
				4648F225170E5EFA0000C178 /* Debug */,
				4648F226170E5EFA0000C178 /* Release */,
			);
			defaultConfigurationIsVisible = 0;
			defaultConfigurationName = Release;
		};
/* End XCConfigurationList section */
	};
	rootObject = 4648F1FD170E5EFA0000C178 /* Project object */;
}
